
Microsoft Visual Studio Solution File, Format Version 12.00
# Visual Studio 14
VisualStudioVersion = 14.0.25420.1
MinimumVisualStudioVersion = 10.0.40219.1
Project("{FAE04EC0-301F-11D3-BF4B-00C04F79EFBC}") = "AdvanceCalculator", "AdvanceCalculator\AdvanceCalculator.csproj", "{F3EEC455-5DD7-4C55-AB70-B10CCA73EFCC}"
EndProject
Global
	GlobalSection(SolutionConfigurationPlatforms) = preSolution
		Debug|Any CPU = Debug|Any CPU
		Release|Any CPU = Release|Any CPU
	EndGlobalSection
	GlobalSection(ProjectConfigurationPlatforms) = postSolution
		{F3EEC455-5DD7-4C55-AB70-B10CCA73EFCC}.Debug|Any CPU.ActiveCfg = Debug|Any CPU
		{F3EEC455-5DD7-4C55-AB70-B10CCA73EFCC}.Debug|Any CPU.Build.0 = Debug|Any CPU
		{F3EEC455-5DD7-4C55-AB70-B10CCA73EFCC}.Release|Any CPU.ActiveCfg = Release|Any CPU
		{F3EEC455-5DD7-4C55-AB70-B10CCA73EFCC}.Release|Any CPU.Build.0 = Release|Any CPU
	EndGlobalSection
	GlobalSection(SolutionProperties) = preSolution
		HideSolutionNode = FALSE
	EndGlobalSection
EndGlobal
